{
  "name": "knict-fetch",
  "version": "0.1.2",
  "lockfileVersion": 2,
  "requires": true,
  "packages": {
    "": {
      "name": "knict-fetch",
      "version": "0.1.2",
      "license": "MIT",
      "dependencies": {
        "knict": "^0.1.1"
      }
    },
    "node_modules/knict": {
      "version": "0.1.1",
      "resolved": "https://registry.npmjs.org/knict/-/knict-0.1.1.tgz",
      "integrity": "sha512-duqwbZdQ1a67ROuhYPNPIcoM7eZFEyzF+5gE+SqsQGFp/cj31r7/hgyP//sRMEvqhsKyTlElA07y3tXO/H6iFw==",
      "dependencies": {
        "reflect-metadata": "^0.1.13"
      }
    },
    "node_modules/reflect-metadata": {
      "version": "0.1.13",
      "resolved": "https://registry.npmjs.org/reflect-metadata/-/reflect-metadata-0.1.13.tgz",
      "integrity": "sha512-Ts1Y/anZELhSsjMcU605fU9RE4Oi3p5ORujwbIKXfWa+0Zxs510Qrmrce5/Jowq3cHSZSJqBjypxmHarc+vEWg=="
    }
  },
  "dependencies": {
    "knict": {
      "version": "0.1.1",
      "resolved": "https://registry.npmjs.org/knict/-/knict-0.1.1.tgz",
      "integrity": "sha512-duqwbZdQ1a67ROuhYPNPIcoM7eZFEyzF+5gE+SqsQGFp/cj31r7/hgyP//sRMEvqhsKyTlElA07y3tXO/H6iFw==",
      "requires": {
        "reflect-metadata": "^0.1.13"
      }
    },
    "reflect-metadata": {
      "version": "0.1.13",
      "resolved": "https://registry.npmjs.org/reflect-metadata/-/reflect-metadata-0.1.13.tgz",
      "integrity": "sha512-Ts1Y/anZELhSsjMcU605fU9RE4Oi3p5ORujwbIKXfWa+0Zxs510Qrmrce5/Jowq3cHSZSJqBjypxmHarc+vEWg=="
    }
  }
}
